name: Unlock File

on:
  workflow_dispatch:
    inputs:
      files:
        description: Files to unlock (space separated), like Content/Test1.uasset
        required: true

jobs:
  unlock:
    runs-on: ubuntu-latest

    steps:
      - uses: actions/checkout@v2
        with:
          token: ${{ secrets.REPO_TOKEN }}
      - name: Unlock File
        run: git-lfs unlock -f "${GIT_LFS_UNLOCK_FILE}"
        env:
          GIT_LFS_UNLOCK_FILE: ${{ github.event.inputs.files }}
